154.pages.dev/sofia v1.1.1 h1:kE9bK+QIYQxZqLkbDqixJBf5HUyx/+HVRS3TCEOQhvE=
154.pages.dev/sofia v1.1.1/go.mod h1:42KjYiPl7Vy50qEETAFgjZrDdJyg1MpqiZh3JdxMEGY=
github.com/Eyevinn/mp4ff v0.40.2 h1:TYEZ4a7Dla2eeegWjTCfrYPySu59YhAIV09PK8LTuLM=
github.com/Eyevinn/mp4ff v0.40.2/go.mod h1:w/6GSa5ghZ1VavzJK6McQ2/flx8mKtcrKDr11SsEweA=
github.com/go-test/deep v1.0.8 h1:TDsG77qcSprGbC6vTN8OuXp5g+J+b5Pcguhf7Zt61VM=
github.com/go-test/deep v1.0.8/go.mod h1:5C2ZWiW0ErCdrYzpqxLbTX7MG14M9iiw8DgHncVwcsE=
